version = 1
revision = 3
requires-python = ">=3.11"

[[package]]
name = "colorama"
version = "0.4.6"
source = { registry = "https://pypi.org/simple" }
sdist = { url = "https://files.pythonhosted.org/packages/d8/53/6f443c9a4a8358a93a6792e2acffb9d9d5cb0a5cfd8802644b7b1c9a02e4/colorama-0.4.6.tar.gz", hash = "sha256:08695f5cb7ed6e0531a20572697297273c47b8cae5a63ffc6d6ed5c201be6e44", size = 27697, upload-time = "2022-10-25T02:36:22.414Z" }
wheels = [
    { url = "https://files.pythonhosted.org/packages/d1/d6/3965ed04c63042e047cb6a3e6ed1a63a35087b6a609aa3a15ed8ac56c221/colorama-0.4.6-py2.py3-none-any.whl", hash = "sha256:4f1d9991f5acc0ca119f9d443620b77f9d6b33703e51011c16baf57afb285fc6", size = 25335, upload-time = "2022-10-25T02:36:20.889Z" },
]

[[package]]
name = "iniconfig"
version = "2.1.0"
source = { registry = "https://pypi.org/simple" }
sdist = { url = "https://files.pythonhosted.org/packages/f2/97/ebf4da567aa6827c909642694d71c9fcf53e5b504f2d96afea02718862f3/iniconfig-2.1.0.tar.gz", hash = "sha256:3abbd2e30b36733fee78f9c7f7308f2d0050e88f0087fd25c2645f63c773e1c7", size = 4793, upload-time = "2025-03-19T20:09:59.721Z" }
wheels = [
    { url = "https://files.pythonhosted.org/packages/2c/e1/e6716421ea10d38022b952c159d5161ca1193197fb744506875fbb87ea7b/iniconfig-2.1.0-py3-none-any.whl", hash = "sha256:9deba5723312380e77435581c6bf4935c94cbfab9b1ed33ef8d238ea168eb760", size = 6050, upload-time = "2025-03-19T20:10:01.071Z" },
]

[[package]]
name = "p4async"
version = "0.1.6"
source = { editable = "." }
dependencies = [
    { name = "p4python" },
]

[package.optional-dependencies]
dev = [
    { name = "pytest" },
    { name = "pytest-asyncio" },
]

[package.metadata]
requires-dist = [
    { name = "p4python", specifier = ">=2020.1.0" },
    { name = "pytest", marker = "extra == 'dev'", specifier = ">=7.0" },
    { name = "pytest-asyncio", marker = "extra == 'dev'", specifier = ">=0.22" },
]
provides-extras = ["dev"]

[[package]]
name = "p4python"
version = "2025.1.2767466"
source = { registry = "https://pypi.org/simple" }
sdist = { url = "https://files.pythonhosted.org/packages/3f/e5/2ed5c9bf2af0f76bfe64c1e3045d26341cded10bf483e71f6ffb91cb83fe/p4python-2025.1.2767466.tar.gz", hash = "sha256:9e8dac74306df9dfa5e600bb0593c7bbc280c6d74b910e5e722ae853002cc369", size = 84958, upload-time = "2025-05-22T03:07:46.823Z" }
wheels = [
    { url = "https://files.pythonhosted.org/packages/f5/99/0d4cd9b8001b1b9faca556c1bd72c0f813e7f2426b9b017f2f60d77a2d41/p4python-2025.1.2767466-cp311-cp311-macosx_10_15_x86_64.whl", hash = "sha256:6564ac6a351082607bd977cf3b0c6621709414d95f795e635bcdc639f5368812", size = 5015694, upload-time = "2025-05-22T03:05:57.139Z" },
    { url = "https://files.pythonhosted.org/packages/23/93/dc0439af515c05cb8488090f74c9f6eefd62c0373631bb209c9cde81cfaf/p4python-2025.1.2767466-cp311-cp311-macosx_11_0_arm64.whl", hash = "sha256:0173733a99ac844c15a8802bc5e2d7a8e82728ccd83255b714f8b8a819907796", size = 4763789, upload-time = "2025-05-22T03:06:00.443Z" },
    { url = "https://files.pythonhosted.org/packages/6a/39/7226025c8e26b88f26d37b57657f4ebf8024234d52d3cf745c4075005cbf/p4python-2025.1.2767466-cp311-cp311-manylinux_2_28_aarch64.whl", hash = "sha256:043f6bda1879ddbb6ee3f0a8b4f1543554e4490d9f2dde2aeafd2ddbd0481f71", size = 28031339, upload-time = "2025-05-22T03:06:11.476Z" },
    { url = "https://files.pythonhosted.org/packages/83/b4/abe48c17b3db5c2249b531482fe2a6a4909c8685248440e479e55d93d993/p4python-2025.1.2767466-cp311-cp311-manylinux_2_28_x86_64.whl", hash = "sha256:33b2727a6a816e8239f146f4ecc6eac24fa283e0354c336a98c7c89a1a01b5c8", size = 28693688, upload-time = "2025-05-22T03:06:21.914Z" },
    { url = "https://files.pythonhosted.org/packages/53/01/3910a276ab1078bfeb3145f6346deb9fc7451d9c92a206f0a085a624e10f/p4python-2025.1.2767466-cp311-cp311-win32.whl", hash = "sha256:137a5cb8bf60b70b532a5723ec172fbca61412a605ab170def6b79e0fdcc6bde", size = 3297241, upload-time = "2025-05-22T03:06:25.489Z" },
    { url = "https://files.pythonhosted.org/packages/d4/f0/5b341ccd48d716e32ef691fbcf662ead12d131306d3d5f2ea1fa3fc05502/p4python-2025.1.2767466-cp311-cp311-win_amd64.whl", hash = "sha256:abe786f98798a93890ad4e15477d77d8b5dd4a799d3f80f301c39bb00fd7c860", size = 3834227, upload-time = "2025-05-22T03:06:28.043Z" },
    { url = "https://files.pythonhosted.org/packages/f4/c3/c2a51814145de679832bfc2286de85f3537506e2f944da58d309bdbe72a7/p4python-2025.1.2767466-cp312-cp312-macosx_10_15_x86_64.whl", hash = "sha256:e143760643ffc31d97acd5b8ba3d2fed5c75218349928d5871d45840ecfafebe", size = 5016001, upload-time = "2025-05-22T03:06:31.822Z" },
    { url = "https://files.pythonhosted.org/packages/1d/31/0dbbcbd6ed233871a66cc6e1968c687eefb3b8c9924319b9655f48096e86/p4python-2025.1.2767466-cp312-cp312-macosx_11_0_arm64.whl", hash = "sha256:42edb2a0e323124b282cdeb02cc1dd228d93131a69c9adbbc4b63c7d7cc90984", size = 4763719, upload-time = "2025-05-22T03:06:35.583Z" },
    { url = "https://files.pythonhosted.org/packages/a4/c1/1ec135969e612c15b99957aba26a7044dd76a155675737179e8198f18056/p4python-2025.1.2767466-cp312-cp312-manylinux_2_28_aarch64.whl", hash = "sha256:710941567e986b15b10d4104e2e1f61d1cdb769580fec5aabce84137865e3445", size = 28032452, upload-time = "2025-05-22T03:06:41.569Z" },
    { url = "https://files.pythonhosted.org/packages/82/e0/6ad34f15c823afa1f2057b40d17d8b5379f68a69aacde7b6976c14ddf568/p4python-2025.1.2767466-cp312-cp312-manylinux_2_28_x86_64.whl", hash = "sha256:438bde3ebae33cebb40433dce2553f350ca3a1ed3a1f417275c07e2464cb17bb", size = 28696107, upload-time = "2025-05-22T03:06:51.95Z" },
    { url = "https://files.pythonhosted.org/packages/f7/a9/57e268e2b558ca7455b764f9636f75837b9fb1d6687878b23a10ac1ef3b9/p4python-2025.1.2767466-cp312-cp312-win32.whl", hash = "sha256:456cfe37ecc7a24b46d242b3a28c47e74432dd9fd50983e7c4058fe8e8479a72", size = 3297003, upload-time = "2025-05-22T03:06:54.899Z" },
    { url = "https://files.pythonhosted.org/packages/4d/f3/cd58d52e9159299ed06e61bf898d69d48ba108a336733db1b624a6a0a1eb/p4python-2025.1.2767466-cp312-cp312-win_amd64.whl", hash = "sha256:72aa426d5e97e4f7199f3814e6530970585c8e1fde06f00e890ea33901489244", size = 3834362, upload-time = "2025-05-22T03:06:56.949Z" },
    { url = "https://files.pythonhosted.org/packages/22/33/a5cc555663409dcee47b2504434d241b3a88a7760327959b4e47eb8c2371/p4python-2025.1.2767466-cp313-cp313-macosx_10_15_x86_64.whl", hash = "sha256:0b73fc03862e4dbda25f4d4c29b748239b58771da0860f27556d8e1d0f942f49", size = 5015942, upload-time = "2025-05-22T03:06:59.227Z" },
    { url = "https://files.pythonhosted.org/packages/52/d0/08043029185917d11e3046240b4b62808d52c14a7d318229f622e9b6ff01/p4python-2025.1.2767466-cp313-cp313-macosx_11_0_arm64.whl", hash = "sha256:f4ffa3f8a586c6a230b98abfb614cef3066484e7dc80581dfaff6b408329d29a", size = 4763764, upload-time = "2025-05-22T03:07:01.445Z" },
    { url = "https://files.pythonhosted.org/packages/5e/ad/f080f2dfe6e67829a446055a209de2ae7b92bee6288d65e0bef433e1338a/p4python-2025.1.2767466-cp313-cp313-manylinux_2_28_aarch64.whl", hash = "sha256:6e0262d99ec0e3af9ada4c977914d95775dad36be811aa6eebec6083e75ff7b6", size = 28032207, upload-time = "2025-05-22T03:07:09.472Z" },
    { url = "https://files.pythonhosted.org/packages/e7/01/3fdb6b06b16fd91f9dc15306a2d8c912d0a687c32c12e2232e4b53ed9eca/p4python-2025.1.2767466-cp313-cp313-manylinux_2_28_x86_64.whl", hash = "sha256:6a682521bc25f33f8aab6a33f49d9f81be4a2192dd1a36aeb8eeeadd396eb0cf", size = 28696178, upload-time = "2025-05-22T03:07:17.626Z" },
    { url = "https://files.pythonhosted.org/packages/9e/bd/3e7e0384a9daa496983128033c9dbaa4d212d6a97ea09976650169fd7923/p4python-2025.1.2767466-cp313-cp313-win32.whl", hash = "sha256:d00df6a58587f8ad9e12b7be43ab442cfe448416aee61f16e0b3c856081b9493", size = 3296981, upload-time = "2025-05-22T03:07:21.197Z" },
    { url = "https://files.pythonhosted.org/packages/4e/bd/740c7ee14f9e53e3887ab79fd8e60ee2bcf819266a199f7750b162016f87/p4python-2025.1.2767466-cp313-cp313-win_amd64.whl", hash = "sha256:5d3e1f4628f30d6a7851e4c874d6b393637cf67f9c5a71c742ad474010d6f91b", size = 3834372, upload-time = "2025-05-22T03:07:23.875Z" },
]

[[package]]
name = "packaging"
version = "25.0"
source = { registry = "https://pypi.org/simple" }
sdist = { url = "https://files.pythonhosted.org/packages/a1/d4/1fc4078c65507b51b96ca8f8c3ba19e6a61c8253c72794544580a7b6c24d/packaging-25.0.tar.gz", hash = "sha256:d443872c98d677bf60f6a1f2f8c1cb748e8fe762d2bf9d3148b5599295b0fc4f", size = 165727, upload-time = "2025-04-19T11:48:59.673Z" }
wheels = [
    { url = "https://files.pythonhosted.org/packages/20/12/38679034af332785aac8774540895e234f4d07f7545804097de4b666afd8/packaging-25.0-py3-none-any.whl", hash = "sha256:29572ef2b1f17581046b3a2227d5c611fb25ec70ca1ba8554b24b0e69331a484", size = 66469, upload-time = "2025-04-19T11:48:57.875Z" },
]

[[package]]
name = "pluggy"
version = "1.6.0"
source = { registry = "https://pypi.org/simple" }
sdist = { url = "https://files.pythonhosted.org/packages/f9/e2/3e91f31a7d2b083fe6ef3fa267035b518369d9511ffab804f839851d2779/pluggy-1.6.0.tar.gz", hash = "sha256:7dcc130b76258d33b90f61b658791dede3486c3e6bfb003ee5c9bfb396dd22f3", size = 69412, upload-time = "2025-05-15T12:30:07.975Z" }
wheels = [
    { url = "https://files.pythonhosted.org/packages/54/20/4d324d65cc6d9205fabedc306948156824eb9f0ee1633355a8f7ec5c66bf/pluggy-1.6.0-py3-none-any.whl", hash = "sha256:e920276dd6813095e9377c0bc5566d94c932c33b27a3e3945d8389c374dd4746", size = 20538, upload-time = "2025-05-15T12:30:06.134Z" },
]

[[package]]
name = "pygments"
version = "2.19.2"
source = { registry = "https://pypi.org/simple" }
sdist = { url = "https://files.pythonhosted.org/packages/b0/77/a5b8c569bf593b0140bde72ea885a803b82086995367bf2037de0159d924/pygments-2.19.2.tar.gz", hash = "sha256:636cb2477cec7f8952536970bc533bc43743542f70392ae026374600add5b887", size = 4968631, upload-time = "2025-06-21T13:39:12.283Z" }
wheels = [
    { url = "https://files.pythonhosted.org/packages/c7/21/705964c7812476f378728bdf590ca4b771ec72385c533964653c68e86bdc/pygments-2.19.2-py3-none-any.whl", hash = "sha256:86540386c03d588bb81d44bc3928634ff26449851e99741617ecb9037ee5ec0b", size = 1225217, upload-time = "2025-06-21T13:39:07.939Z" },
]

[[package]]
name = "pytest"
version = "8.4.2"
source = { registry = "https://pypi.org/simple" }
dependencies = [
    { name = "colorama", marker = "sys_platform == 'win32'" },
    { name = "iniconfig" },
    { name = "packaging" },
    { name = "pluggy" },
    { name = "pygments" },
]
sdist = { url = "https://files.pythonhosted.org/packages/a3/5c/00a0e072241553e1a7496d638deababa67c5058571567b92a7eaa258397c/pytest-8.4.2.tar.gz", hash = "sha256:86c0d0b93306b961d58d62a4db4879f27fe25513d4b969df351abdddb3c30e01", size = 1519618, upload-time = "2025-09-04T14:34:22.711Z" }
wheels = [
    { url = "https://files.pythonhosted.org/packages/a8/a4/20da314d277121d6534b3a980b29035dcd51e6744bd79075a6ce8fa4eb8d/pytest-8.4.2-py3-none-any.whl", hash = "sha256:872f880de3fc3a5bdc88a11b39c9710c3497a547cfa9320bc3c5e62fbf272e79", size = 365750, upload-time = "2025-09-04T14:34:20.226Z" },
]

[[package]]
name = "pytest-asyncio"
version = "1.2.0"
source = { registry = "https://pypi.org/simple" }
dependencies = [
    { name = "pytest" },
    { name = "typing-extensions", marker = "python_full_version < '3.13'" },
]
sdist = { url = "https://files.pythonhosted.org/packages/42/86/9e3c5f48f7b7b638b216e4b9e645f54d199d7abbbab7a64a13b4e12ba10f/pytest_asyncio-1.2.0.tar.gz", hash = "sha256:c609a64a2a8768462d0c99811ddb8bd2583c33fd33cf7f21af1c142e824ffb57", size = 50119, upload-time = "2025-09-12T07:33:53.816Z" }
wheels = [
    { url = "https://files.pythonhosted.org/packages/04/93/2fa34714b7a4ae72f2f8dad66ba17dd9a2c793220719e736dda28b7aec27/pytest_asyncio-1.2.0-py3-none-any.whl", hash = "sha256:8e17ae5e46d8e7efe51ab6494dd2010f4ca8dae51652aa3c8d55acf50bfb2e99", size = 15095, upload-time = "2025-09-12T07:33:52.639Z" },
]

[[package]]
name = "typing-extensions"
version = "4.15.0"
source = { registry = "https://pypi.org/simple" }
sdist = { url = "https://files.pythonhosted.org/packages/72/94/1a15dd82efb362ac84269196e94cf00f187f7ed21c242792a923cdb1c61f/typing_extensions-4.15.0.tar.gz", hash = "sha256:0cea48d173cc12fa28ecabc3b837ea3cf6f38c6d1136f85cbaaf598984861466", size = 109391, upload-time = "2025-08-25T13:49:26.313Z" }
wheels = [
    { url = "https://files.pythonhosted.org/packages/18/67/36e9267722cc04a6b9f15c7f3441c2363321a3ea07da7ae0c0707beb2a9c/typing_extensions-4.15.0-py3-none-any.whl", hash = "sha256:f0fa19c6845758ab08074a0cfa8b7aecb71c999ca73d62883bc25cc018c4e548", size = 44614, upload-time = "2025-08-25T13:49:24.86Z" },
]
